
Microsoft Visual Studio Solution File, Format Version 12.00
# Visual Studio Version 16
VisualStudioVersion = 16.0.30320.27
MinimumVisualStudioVersion = 10.0.40219.1
Project("{FAE04EC0-301F-11D3-BF4B-00C04F79EFBC}") = "AspNetCoreApp", "AspNetCoreApp\AspNetCoreApp.csproj", "{2C796B5C-D3F7-4771-8AC9-903388E4C9CC}"
EndProject
Global
	GlobalSection(SolutionConfigurationPlatforms) = preSolution
		Debug|Any CPU = Debug|Any CPU
		Release|Any CPU = Release|Any CPU
	EndGlobalSection
	GlobalSection(ProjectConfigurationPlatforms) = postSolution
		{2C796B5C-D3F7-4771-8AC9-903388E4C9CC}.Debug|Any CPU.ActiveCfg = Debug|Any CPU
		{2C796B5C-D3F7-4771-8AC9-903388E4C9CC}.Debug|Any CPU.Build.0 = Debug|Any CPU
		{2C796B5C-D3F7-4771-8AC9-903388E4C9CC}.Release|Any CPU.ActiveCfg = Release|Any CPU
		{2C796B5C-D3F7-4771-8AC9-903388E4C9CC}.Release|Any CPU.Build.0 = Release|Any CPU
	EndGlobalSection
	GlobalSection(SolutionProperties) = preSolution
		HideSolutionNode = FALSE
	EndGlobalSection
	GlobalSection(ExtensibilityGlobals) = postSolution
		SolutionGuid = {DC153EE8-7AA8-4E8F-8FFB-B9F5BDC0328D}
	EndGlobalSection
EndGlobal
